
Microsoft Visual Studio Solution File, Format Version 12.00
# Visual Studio Version 16
VisualStudioVersion = 16.0.29123.88
MinimumVisualStudioVersion = 10.0.40219.1
Project("{FAE04EC0-301F-11D3-BF4B-00C04F79EFBC}") = "SupperStore02", "SupperStore02\SupperStore02.csproj", "{55892796-C066-4E61-8EE0-08C54F3FC32A}"
EndProject
Global
	GlobalSection(SolutionConfigurationPlatforms) = preSolution
		Debug|Any CPU = Debug|Any CPU
		Release|Any CPU = Release|Any CPU
	EndGlobalSection
	GlobalSection(ProjectConfigurationPlatforms) = postSolution
		{55892796-C066-4E61-8EE0-08C54F3FC32A}.Debug|Any CPU.ActiveCfg = Debug|Any CPU
		{55892796-C066-4E61-8EE0-08C54F3FC32A}.Debug|Any CPU.Build.0 = Debug|Any CPU
		{55892796-C066-4E61-8EE0-08C54F3FC32A}.Release|Any CPU.ActiveCfg = Release|Any CPU
		{55892796-C066-4E61-8EE0-08C54F3FC32A}.Release|Any CPU.Build.0 = Release|Any CPU
	EndGlobalSection
	GlobalSection(SolutionProperties) = preSolution
		HideSolutionNode = FALSE
	EndGlobalSection
	GlobalSection(ExtensibilityGlobals) = postSolution
		SolutionGuid = {C2C0DFD2-182C-4789-A60E-0370B276C960}
	EndGlobalSection
EndGlobal
